
Microsoft Visual Studio Solution File, Format Version 12.00
# Visual Studio Version 16
VisualStudioVersion = 16.0.30621.155
MinimumVisualStudioVersion = 10.0.40219.1
Project("{888888A0-9F3D-457C-B088-3A5042F75D52}") = "Kruh", "Kruh.pyproj", "{52F0D2E4-E09C-403F-8791-D47BFAB54FAB}"
EndProject
Global
	GlobalSection(SolutionConfigurationPlatforms) = preSolution
		Debug|Any CPU = Debug|Any CPU
		Release|Any CPU = Release|Any CPU
	EndGlobalSection
	GlobalSection(ProjectConfigurationPlatforms) = postSolution
		{52F0D2E4-E09C-403F-8791-D47BFAB54FAB}.Debug|Any CPU.ActiveCfg = Debug|Any CPU
		{52F0D2E4-E09C-403F-8791-D47BFAB54FAB}.Release|Any CPU.ActiveCfg = Release|Any CPU
	EndGlobalSection
	GlobalSection(SolutionProperties) = preSolution
		HideSolutionNode = FALSE
	EndGlobalSection
	GlobalSection(ExtensibilityGlobals) = postSolution
		SolutionGuid = {2EFCBA26-7C17-4B25-9B6F-7AA347A17901}
	EndGlobalSection
EndGlobal
