
Microsoft Visual Studio Solution File, Format Version 12.00
# Visual Studio Version 16
VisualStudioVersion = 16.0.30621.155
MinimumVisualStudioVersion = 10.0.40219.1
Project("{888888A0-9F3D-457C-B088-3A5042F75D52}") = "KvadratickáRovnice", "KvadratickáRovnice.pyproj", "{6BDB25B6-3D00-4316-98E2-D5305C5DD9C0}"
EndProject
Global
	GlobalSection(SolutionConfigurationPlatforms) = preSolution
		Debug|Any CPU = Debug|Any CPU
		Release|Any CPU = Release|Any CPU
	EndGlobalSection
	GlobalSection(ProjectConfigurationPlatforms) = postSolution
		{6BDB25B6-3D00-4316-98E2-D5305C5DD9C0}.Debug|Any CPU.ActiveCfg = Debug|Any CPU
		{6BDB25B6-3D00-4316-98E2-D5305C5DD9C0}.Release|Any CPU.ActiveCfg = Release|Any CPU
	EndGlobalSection
	GlobalSection(SolutionProperties) = preSolution
		HideSolutionNode = FALSE
	EndGlobalSection
	GlobalSection(ExtensibilityGlobals) = postSolution
		SolutionGuid = {A783FE0D-FBBB-4320-9074-947DA6581933}
	EndGlobalSection
EndGlobal
