
Microsoft Visual Studio Solution File, Format Version 12.00
# Visual Studio Version 16
VisualStudioVersion = 16.0.30611.23
MinimumVisualStudioVersion = 10.0.40219.1
Project("{FAE04EC0-301F-11D3-BF4B-00C04F79EFBC}") = "PrumerZnamky", "PrumerZnamky.csproj", "{760B20E6-A760-4CDD-B52B-F90C6C9B434B}"
EndProject
Global
	GlobalSection(SolutionConfigurationPlatforms) = preSolution
		Debug|Any CPU = Debug|Any CPU
		Release|Any CPU = Release|Any CPU
	EndGlobalSection
	GlobalSection(ProjectConfigurationPlatforms) = postSolution
		{760B20E6-A760-4CDD-B52B-F90C6C9B434B}.Debug|Any CPU.ActiveCfg = Debug|Any CPU
		{760B20E6-A760-4CDD-B52B-F90C6C9B434B}.Debug|Any CPU.Build.0 = Debug|Any CPU
		{760B20E6-A760-4CDD-B52B-F90C6C9B434B}.Release|Any CPU.ActiveCfg = Release|Any CPU
		{760B20E6-A760-4CDD-B52B-F90C6C9B434B}.Release|Any CPU.Build.0 = Release|Any CPU
	EndGlobalSection
	GlobalSection(SolutionProperties) = preSolution
		HideSolutionNode = FALSE
	EndGlobalSection
	GlobalSection(ExtensibilityGlobals) = postSolution
		SolutionGuid = {FD115F5F-58A2-4D1E-BD2F-2F5635ADB280}
	EndGlobalSection
EndGlobal
